
Microsoft Visual Studio Solution File, Format Version 12.00
# Visual Studio Version 17
VisualStudioVersion = 17.5.33424.131
MinimumVisualStudioVersion = 10.0.40219.1
Project("{FAE04EC0-301F-11D3-BF4B-00C04F79EFBC}") = "GC_C2_03_06_2023", "GC_C2_03_06_2023\GC_C2_03_06_2023.csproj", "{922849EF-5C53-471C-8243-4B23185A3752}"
EndProject
Global
	GlobalSection(SolutionConfigurationPlatforms) = preSolution
		Debug|Any CPU = Debug|Any CPU
		Release|Any CPU = Release|Any CPU
	EndGlobalSection
	GlobalSection(ProjectConfigurationPlatforms) = postSolution
		{922849EF-5C53-471C-8243-4B23185A3752}.Debug|Any CPU.ActiveCfg = Debug|Any CPU
		{922849EF-5C53-471C-8243-4B23185A3752}.Debug|Any CPU.Build.0 = Debug|Any CPU
		{922849EF-5C53-471C-8243-4B23185A3752}.Release|Any CPU.ActiveCfg = Release|Any CPU
		{922849EF-5C53-471C-8243-4B23185A3752}.Release|Any CPU.Build.0 = Release|Any CPU
	EndGlobalSection
	GlobalSection(SolutionProperties) = preSolution
		HideSolutionNode = FALSE
	EndGlobalSection
	GlobalSection(ExtensibilityGlobals) = postSolution
		SolutionGuid = {9D1ACB0C-7109-4676-B506-80ADFD523CF5}
	EndGlobalSection
EndGlobal
