
Microsoft Visual Studio Solution File, Format Version 12.00
# Visual Studio Version 17
VisualStudioVersion = 17.5.33424.131
MinimumVisualStudioVersion = 10.0.40219.1
Project("{FAE04EC0-301F-11D3-BF4B-00C04F79EFBC}") = "GC_C5_03_27_2023", "GC_C5_03_27_2023\GC_C5_03_27_2023.csproj", "{7C3416E1-BD6F-417E-BB6F-4BAEDD8E7F77}"
EndProject
Global
	GlobalSection(SolutionConfigurationPlatforms) = preSolution
		Debug|Any CPU = Debug|Any CPU
		Release|Any CPU = Release|Any CPU
	EndGlobalSection
	GlobalSection(ProjectConfigurationPlatforms) = postSolution
		{7C3416E1-BD6F-417E-BB6F-4BAEDD8E7F77}.Debug|Any CPU.ActiveCfg = Debug|Any CPU
		{7C3416E1-BD6F-417E-BB6F-4BAEDD8E7F77}.Debug|Any CPU.Build.0 = Debug|Any CPU
		{7C3416E1-BD6F-417E-BB6F-4BAEDD8E7F77}.Release|Any CPU.ActiveCfg = Release|Any CPU
		{7C3416E1-BD6F-417E-BB6F-4BAEDD8E7F77}.Release|Any CPU.Build.0 = Release|Any CPU
	EndGlobalSection
	GlobalSection(SolutionProperties) = preSolution
		HideSolutionNode = FALSE
	EndGlobalSection
	GlobalSection(ExtensibilityGlobals) = postSolution
		SolutionGuid = {BDFCBC69-5609-493F-85DD-CC8B6A27DE9A}
	EndGlobalSection
EndGlobal
