
Microsoft Visual Studio Solution File, Format Version 12.00
# Visual Studio Version 17
VisualStudioVersion = 17.5.33414.496
MinimumVisualStudioVersion = 10.0.40219.1
Project("{FAE04EC0-301F-11D3-BF4B-00C04F79EFBC}") = "GC_C1_02_27_2023", "GC_C1_02_27_2023\GC_C1_02_27_2023.csproj", "{46F498D2-AC9E-40F9-9BDA-61B92A4C1F20}"
EndProject
Global
	GlobalSection(SolutionConfigurationPlatforms) = preSolution
		Debug|Any CPU = Debug|Any CPU
		Release|Any CPU = Release|Any CPU
	EndGlobalSection
	GlobalSection(ProjectConfigurationPlatforms) = postSolution
		{46F498D2-AC9E-40F9-9BDA-61B92A4C1F20}.Debug|Any CPU.ActiveCfg = Debug|Any CPU
		{46F498D2-AC9E-40F9-9BDA-61B92A4C1F20}.Debug|Any CPU.Build.0 = Debug|Any CPU
		{46F498D2-AC9E-40F9-9BDA-61B92A4C1F20}.Release|Any CPU.ActiveCfg = Release|Any CPU
		{46F498D2-AC9E-40F9-9BDA-61B92A4C1F20}.Release|Any CPU.Build.0 = Release|Any CPU
	EndGlobalSection
	GlobalSection(SolutionProperties) = preSolution
		HideSolutionNode = FALSE
	EndGlobalSection
	GlobalSection(ExtensibilityGlobals) = postSolution
		SolutionGuid = {F623AC76-7B83-45CA-82D8-3B800AEF7446}
	EndGlobalSection
EndGlobal
